
Microsoft Visual Studio Solution File, Format Version 12.00
# Visual Studio 14
VisualStudioVersion = 14.0.25420.1
MinimumVisualStudioVersion = 10.0.40219.1
Project("{FAE04EC0-301F-11D3-BF4B-00C04F79EFBC}") = "test", "test\test.csproj", "{0EF7906B-8E05-4CF8-B081-03265AA70439}"
EndProject
Project("{FAE04EC0-301F-11D3-BF4B-00C04F79EFBC}") = "test.Tests", "test.Tests\test.Tests.csproj", "{AD859146-EED3-4769-B842-9E8F903EEDA7}"
EndProject
Global
	GlobalSection(SolutionConfigurationPlatforms) = preSolution
		Debug|Any CPU = Debug|Any CPU
		Release|Any CPU = Release|Any CPU
	EndGlobalSection
	GlobalSection(ProjectConfigurationPlatforms) = postSolution
		{0EF7906B-8E05-4CF8-B081-03265AA70439}.Debug|Any CPU.ActiveCfg = Debug|Any CPU
		{0EF7906B-8E05-4CF8-B081-03265AA70439}.Debug|Any CPU.Build.0 = Debug|Any CPU
		{0EF7906B-8E05-4CF8-B081-03265AA70439}.Release|Any CPU.ActiveCfg = Release|Any CPU
		{0EF7906B-8E05-4CF8-B081-03265AA70439}.Release|Any CPU.Build.0 = Release|Any CPU
		{AD859146-EED3-4769-B842-9E8F903EEDA7}.Debug|Any CPU.ActiveCfg = Debug|Any CPU
		{AD859146-EED3-4769-B842-9E8F903EEDA7}.Debug|Any CPU.Build.0 = Debug|Any CPU
		{AD859146-EED3-4769-B842-9E8F903EEDA7}.Release|Any CPU.ActiveCfg = Release|Any CPU
		{AD859146-EED3-4769-B842-9E8F903EEDA7}.Release|Any CPU.Build.0 = Release|Any CPU
	EndGlobalSection
	GlobalSection(SolutionProperties) = preSolution
		HideSolutionNode = FALSE
	EndGlobalSection
EndGlobal
